
Microsoft Visual Studio Solution File, Format Version 12.00
# Visual Studio Version 16
VisualStudioVersion = 16.0.30011.22
MinimumVisualStudioVersion = 10.0.40219.1
Project("{FAE04EC0-301F-11D3-BF4B-00C04F79EFBC}") = "aspnetcore22-demo", "aspnetcore22-demo.csproj", "{70CC1A38-899F-4570-923C-BC2860A7CA44}"
EndProject
Global
	GlobalSection(SolutionConfigurationPlatforms) = preSolution
		Debug|Any CPU = Debug|Any CPU
		Release|Any CPU = Release|Any CPU
	EndGlobalSection
	GlobalSection(ProjectConfigurationPlatforms) = postSolution
		{70CC1A38-899F-4570-923C-BC2860A7CA44}.Debug|Any CPU.ActiveCfg = Debug|Any CPU
		{70CC1A38-899F-4570-923C-BC2860A7CA44}.Debug|Any CPU.Build.0 = Debug|Any CPU
		{70CC1A38-899F-4570-923C-BC2860A7CA44}.Release|Any CPU.ActiveCfg = Release|Any CPU
		{70CC1A38-899F-4570-923C-BC2860A7CA44}.Release|Any CPU.Build.0 = Release|Any CPU
	EndGlobalSection
	GlobalSection(SolutionProperties) = preSolution
		HideSolutionNode = FALSE
	EndGlobalSection
	GlobalSection(ExtensibilityGlobals) = postSolution
		SolutionGuid = {8996A845-CC16-4BE2-A772-F5C1E4559359}
	EndGlobalSection
EndGlobal
